github.com/alfg/mp4 v0.0.0-20200128044028-3ca65fbae6c4 h1:A0081cvI0G5EWFYnMSFo2TppEkvZMNhUtO3IMt6+VGM=
github.com/alfg/mp4 v0.0.0-20200128044028-3ca65fbae6c4/go.mod h1:RfuO8OqkqAcWXXkaS3MuymrBQJbKJWi04H/bs6vNvh0=
github.com/mdouchement/dng v0.0.0-20170415183926-292bb2b0015a h1:6df3UGAQ08DXqDVgV5YhzP6igJ458b7znM0wfXDW1Fk=
github.com/mdouchement/dng v0.0.0-20170415183926-292bb2b0015a/go.mod h1:9HzaDtkmVNHVqzkoow9lSuEzhN1OIxzDhJ6hZwmxblo=
gopkg.in/vansante/go-ffprobe.v2 v2.0.2 h1:DdxSfFnlqeawPIVbIQEI6LR6OQHQNR7tNgWb2mWuC4w=
gopkg.in/vansante/go-ffprobe.v2 v2.0.2/go.mod h1:qF0AlAjk7Nqzqf3y333Ly+KxN3cKF2JqA3JT5ZheUGE=
